
Microsoft Visual Studio Solution File, Format Version 12.00
# Visual Studio 15
VisualStudioVersion = 15.0.28307.1000
MinimumVisualStudioVersion = 10.0.40219.1
Project("{FAE04EC0-301F-11D3-BF4B-00C04F79EFBC}") = "Forms", "Calculadora\Forms.csproj", "{A122B6D6-AE6D-41D8-8933-C1BE96171211}"
EndProject
Global
	GlobalSection(SolutionConfigurationPlatforms) = preSolution
		Debug|Any CPU = Debug|Any CPU
		Release|Any CPU = Release|Any CPU
	EndGlobalSection
	GlobalSection(ProjectConfigurationPlatforms) = postSolution
		{A122B6D6-AE6D-41D8-8933-C1BE96171211}.Debug|Any CPU.ActiveCfg = Debug|Any CPU
		{A122B6D6-AE6D-41D8-8933-C1BE96171211}.Debug|Any CPU.Build.0 = Debug|Any CPU
		{A122B6D6-AE6D-41D8-8933-C1BE96171211}.Release|Any CPU.ActiveCfg = Release|Any CPU
		{A122B6D6-AE6D-41D8-8933-C1BE96171211}.Release|Any CPU.Build.0 = Release|Any CPU
	EndGlobalSection
	GlobalSection(SolutionProperties) = preSolution
		HideSolutionNode = FALSE
	EndGlobalSection
	GlobalSection(ExtensibilityGlobals) = postSolution
		SolutionGuid = {53712151-C87A-47EA-BF65-34533AC80ED2}
	EndGlobalSection
EndGlobal
